{
  "requires": true,
  "lockfileVersion": 1,
  "dependencies": {
    "responsive-image-sizes": {
      "version": "1.0.3",
      "resolved": "https://registry.npmjs.org/responsive-image-sizes/-/responsive-image-sizes-1.0.3.tgz",
      "integrity": "sha512-HWSpS34OnbFW2AsQf3mTvPA3+2wnpbWA8iCNyWEu07FwM+WQAEQtH1fEFGX6/MkSA2sUzqyEDs+dn5GqxXoisA==",
      "dev": true
    },
    "vue": {
      "version": "2.6.12",
      "resolved": "https://registry.npmjs.org/vue/-/vue-2.6.12.tgz",
      "integrity": "sha512-uhmLFETqPPNyuLLbsKz6ioJ4q7AZHzD8ZVFNATNyICSZouqP2Sz0rotWQC8UNBF6VGSCs5abnKJoStA6JbCbfg==",
      "dev": true
    },
    "vue-responsive-image": {
      "version": "1.0.2",
      "resolved": "https://registry.npmjs.org/vue-responsive-image/-/vue-responsive-image-1.0.2.tgz",
      "integrity": "sha512-W7rfGxF92Y+FXINeitsxWj862h+fmkboPrzyV/9/7yDejHuHcGX4g6n529Ug1wmGkzYOr0B2T8+mPRn28l1ncA==",
      "dev": true,
      "requires": {
        "responsive-image-sizes": "^1.0.3",
        "vue": "^2.5.16"
      }
    }
  }
}
